
Microsoft Visual Studio Solution File, Format Version 12.00
# Visual Studio Version 16
VisualStudioVersion = 16.0.30704.19
MinimumVisualStudioVersion = 10.0.40219.1
Project("{FAE04EC0-301F-11D3-BF4B-00C04F79EFBC}") = "LocalManagement", "LocalManagement\LocalManagement.csproj", "{699B46B4-3CD7-4DDB-A2BE-6E58872DAE98}"
EndProject
Global
	GlobalSection(SolutionConfigurationPlatforms) = preSolution
		Debug|Any CPU = Debug|Any CPU
		Release|Any CPU = Release|Any CPU
	EndGlobalSection
	GlobalSection(ProjectConfigurationPlatforms) = postSolution
		{699B46B4-3CD7-4DDB-A2BE-6E58872DAE98}.Debug|Any CPU.ActiveCfg = Debug|Any CPU
		{699B46B4-3CD7-4DDB-A2BE-6E58872DAE98}.Debug|Any CPU.Build.0 = Debug|Any CPU
		{699B46B4-3CD7-4DDB-A2BE-6E58872DAE98}.Release|Any CPU.ActiveCfg = Release|Any CPU
		{699B46B4-3CD7-4DDB-A2BE-6E58872DAE98}.Release|Any CPU.Build.0 = Release|Any CPU
	EndGlobalSection
	GlobalSection(SolutionProperties) = preSolution
		HideSolutionNode = FALSE
	EndGlobalSection
	GlobalSection(ExtensibilityGlobals) = postSolution
		SolutionGuid = {AE97B5B0-0A8C-4D89-BE54-7BD07DF722A7}
	EndGlobalSection
EndGlobal
